
Microsoft Visual Studio Solution File, Format Version 12.00
# Visual Studio Version 17
VisualStudioVersion = 17.0.31903.59
MinimumVisualStudioVersion = 10.0.40219.1
Project("{2150E333-8FDC-42A3-9474-1A3956D46DE8}") = "Solution Items", "Solution Items", "{73040DDD-BC53-4DA2-97F1-9D02D978C1F9}"
	ProjectSection(SolutionItems) = preProject
		README.md = README.md
	EndProjectSection
EndProject
Project("{9A19103F-16F7-4668-BE54-9A1E7A4F7556}") = "Chapter01", "Chapter01\Chapter01.csproj", "{0BBFF243-0141-44D1-A64F-676D26A61D24}"
EndProject
Project("{9A19103F-16F7-4668-BE54-9A1E7A4F7556}") = "Chapter04", "Chapter04\Chapter04.csproj", "{1A4FEAC9-7914-40FB-A42B-91CE107051C3}"
EndProject
Project("{9A19103F-16F7-4668-BE54-9A1E7A4F7556}") = "Chapter00", "Chapter00\Chapter00.csproj", "{5007F36A-8E85-4EFD-B3F9-BC1F7DB760B8}"
EndProject
Project("{9A19103F-16F7-4668-BE54-9A1E7A4F7556}") = "Chapter02", "Chapter02\Chapter02.csproj", "{86C058D8-3BDC-4942-87FA-7AF765F5BE44}"
EndProject
Project("{9A19103F-16F7-4668-BE54-9A1E7A4F7556}") = "Azon.WeatherLib", "Azon.WeatherLib\Azon.WeatherLib.csproj", "{151660AB-668B-4CDE-9F5E-4FC96176D308}"
EndProject
Project("{9A19103F-16F7-4668-BE54-9A1E7A4F7556}") = "Chapter03", "Chapter03\Chapter03.csproj", "{2BF2A107-0725-44BC-9373-A8DC92B0B690}"
EndProject
Project("{FAE04EC0-301F-11D3-BF4B-00C04F79EFBC}") = "Chapter05", "Chapter05\Chapter05.csproj", "{3DBCAEA3-8E05-4966-BDD7-1FF23C9852B7}"
EndProject
Project("{FAE04EC0-301F-11D3-BF4B-00C04F79EFBC}") = "Azon.Web.Sdk", "Azon.Web.Sdk\Azon.Web.Sdk.csproj", "{D38EC288-1E54-4395-823A-A3A26600105D}"
EndProject
Project("{FAE04EC0-301F-11D3-BF4B-00C04F79EFBC}") = "Azon.Web.Persistence", "Azon.Web.Persistence\Azon.Web.Persistence.csproj", "{D4791FAA-8DA1-43F8-83F8-4788DB19032D}"
EndProject
Project("{FAE04EC0-301F-11D3-BF4B-00C04F79EFBC}") = "Chapter06", "Chapter06\Chapter06.csproj", "{0D3DDAAD-302A-46B7-AB03-5854AD8D3817}"
EndProject
Project("{FAE04EC0-301F-11D3-BF4B-00C04F79EFBC}") = "Azon.Web.Editor", "Azon.Web.Editor\Azon.Web.Editor.csproj", "{73EE0E62-8C2D-459C-89BD-CB10056FF9C9}"
EndProject
Global
	GlobalSection(SolutionConfigurationPlatforms) = preSolution
		Debug|Any CPU = Debug|Any CPU
		Release|Any CPU = Release|Any CPU
	EndGlobalSection
	GlobalSection(ProjectConfigurationPlatforms) = postSolution
		{0BBFF243-0141-44D1-A64F-676D26A61D24}.Debug|Any CPU.ActiveCfg = Debug|Any CPU
		{0BBFF243-0141-44D1-A64F-676D26A61D24}.Debug|Any CPU.Build.0 = Debug|Any CPU
		{0BBFF243-0141-44D1-A64F-676D26A61D24}.Release|Any CPU.ActiveCfg = Release|Any CPU
		{0BBFF243-0141-44D1-A64F-676D26A61D24}.Release|Any CPU.Build.0 = Release|Any CPU
		{1A4FEAC9-7914-40FB-A42B-91CE107051C3}.Debug|Any CPU.ActiveCfg = Debug|Any CPU
		{1A4FEAC9-7914-40FB-A42B-91CE107051C3}.Debug|Any CPU.Build.0 = Debug|Any CPU
		{1A4FEAC9-7914-40FB-A42B-91CE107051C3}.Release|Any CPU.ActiveCfg = Release|Any CPU
		{1A4FEAC9-7914-40FB-A42B-91CE107051C3}.Release|Any CPU.Build.0 = Release|Any CPU
		{5007F36A-8E85-4EFD-B3F9-BC1F7DB760B8}.Debug|Any CPU.ActiveCfg = Debug|Any CPU
		{5007F36A-8E85-4EFD-B3F9-BC1F7DB760B8}.Debug|Any CPU.Build.0 = Debug|Any CPU
		{5007F36A-8E85-4EFD-B3F9-BC1F7DB760B8}.Release|Any CPU.ActiveCfg = Release|Any CPU
		{5007F36A-8E85-4EFD-B3F9-BC1F7DB760B8}.Release|Any CPU.Build.0 = Release|Any CPU
		{86C058D8-3BDC-4942-87FA-7AF765F5BE44}.Debug|Any CPU.ActiveCfg = Debug|Any CPU
		{86C058D8-3BDC-4942-87FA-7AF765F5BE44}.Debug|Any CPU.Build.0 = Debug|Any CPU
		{86C058D8-3BDC-4942-87FA-7AF765F5BE44}.Release|Any CPU.ActiveCfg = Release|Any CPU
		{86C058D8-3BDC-4942-87FA-7AF765F5BE44}.Release|Any CPU.Build.0 = Release|Any CPU
		{151660AB-668B-4CDE-9F5E-4FC96176D308}.Debug|Any CPU.ActiveCfg = Debug|Any CPU
		{151660AB-668B-4CDE-9F5E-4FC96176D308}.Debug|Any CPU.Build.0 = Debug|Any CPU
		{151660AB-668B-4CDE-9F5E-4FC96176D308}.Release|Any CPU.ActiveCfg = Release|Any CPU
		{151660AB-668B-4CDE-9F5E-4FC96176D308}.Release|Any CPU.Build.0 = Release|Any CPU
		{2BF2A107-0725-44BC-9373-A8DC92B0B690}.Debug|Any CPU.ActiveCfg = Debug|Any CPU
		{2BF2A107-0725-44BC-9373-A8DC92B0B690}.Debug|Any CPU.Build.0 = Debug|Any CPU
		{2BF2A107-0725-44BC-9373-A8DC92B0B690}.Release|Any CPU.ActiveCfg = Release|Any CPU
		{2BF2A107-0725-44BC-9373-A8DC92B0B690}.Release|Any CPU.Build.0 = Release|Any CPU
		{3DBCAEA3-8E05-4966-BDD7-1FF23C9852B7}.Debug|Any CPU.ActiveCfg = Debug|Any CPU
		{3DBCAEA3-8E05-4966-BDD7-1FF23C9852B7}.Debug|Any CPU.Build.0 = Debug|Any CPU
		{3DBCAEA3-8E05-4966-BDD7-1FF23C9852B7}.Release|Any CPU.ActiveCfg = Release|Any CPU
		{3DBCAEA3-8E05-4966-BDD7-1FF23C9852B7}.Release|Any CPU.Build.0 = Release|Any CPU
		{D38EC288-1E54-4395-823A-A3A26600105D}.Debug|Any CPU.ActiveCfg = Debug|Any CPU
		{D38EC288-1E54-4395-823A-A3A26600105D}.Debug|Any CPU.Build.0 = Debug|Any CPU
		{D38EC288-1E54-4395-823A-A3A26600105D}.Release|Any CPU.ActiveCfg = Release|Any CPU
		{D38EC288-1E54-4395-823A-A3A26600105D}.Release|Any CPU.Build.0 = Release|Any CPU
		{D4791FAA-8DA1-43F8-83F8-4788DB19032D}.Debug|Any CPU.ActiveCfg = Debug|Any CPU
		{D4791FAA-8DA1-43F8-83F8-4788DB19032D}.Debug|Any CPU.Build.0 = Debug|Any CPU
		{D4791FAA-8DA1-43F8-83F8-4788DB19032D}.Release|Any CPU.ActiveCfg = Release|Any CPU
		{D4791FAA-8DA1-43F8-83F8-4788DB19032D}.Release|Any CPU.Build.0 = Release|Any CPU
		{0D3DDAAD-302A-46B7-AB03-5854AD8D3817}.Debug|Any CPU.ActiveCfg = Debug|Any CPU
		{0D3DDAAD-302A-46B7-AB03-5854AD8D3817}.Debug|Any CPU.Build.0 = Debug|Any CPU
		{0D3DDAAD-302A-46B7-AB03-5854AD8D3817}.Release|Any CPU.ActiveCfg = Release|Any CPU
		{0D3DDAAD-302A-46B7-AB03-5854AD8D3817}.Release|Any CPU.Build.0 = Release|Any CPU
		{73EE0E62-8C2D-459C-89BD-CB10056FF9C9}.Debug|Any CPU.ActiveCfg = Debug|Any CPU
		{73EE0E62-8C2D-459C-89BD-CB10056FF9C9}.Debug|Any CPU.Build.0 = Debug|Any CPU
		{73EE0E62-8C2D-459C-89BD-CB10056FF9C9}.Release|Any CPU.ActiveCfg = Release|Any CPU
		{73EE0E62-8C2D-459C-89BD-CB10056FF9C9}.Release|Any CPU.Build.0 = Release|Any CPU
	EndGlobalSection
	GlobalSection(SolutionProperties) = preSolution
		HideSolutionNode = FALSE
	EndGlobalSection
	GlobalSection(ExtensibilityGlobals) = postSolution
		SolutionGuid = {3418685A-138A-42D8-A48B-AD6134E99EA0}
	EndGlobalSection
EndGlobal
